
Microsoft Visual Studio Solution File, Format Version 12.00
# Visual Studio Version 16
VisualStudioVersion = 16.0.31112.23
MinimumVisualStudioVersion = 10.0.40219.1
Project("{FAE04EC0-301F-11D3-BF4B-00C04F79EFBC}") = "CardWorker", "CardWorker.csproj", "{22CC75F6-277F-4680-9AA1-559E49611C88}"
EndProject
Global
	GlobalSection(SolutionConfigurationPlatforms) = preSolution
		Debug|Any CPU = Debug|Any CPU
		Release|Any CPU = Release|Any CPU
	EndGlobalSection
	GlobalSection(ProjectConfigurationPlatforms) = postSolution
		{22CC75F6-277F-4680-9AA1-559E49611C88}.Debug|Any CPU.ActiveCfg = Debug|Any CPU
		{22CC75F6-277F-4680-9AA1-559E49611C88}.Debug|Any CPU.Build.0 = Debug|Any CPU
		{22CC75F6-277F-4680-9AA1-559E49611C88}.Release|Any CPU.ActiveCfg = Release|Any CPU
		{22CC75F6-277F-4680-9AA1-559E49611C88}.Release|Any CPU.Build.0 = Release|Any CPU
	EndGlobalSection
	GlobalSection(SolutionProperties) = preSolution
		HideSolutionNode = FALSE
	EndGlobalSection
	GlobalSection(ExtensibilityGlobals) = postSolution
		SolutionGuid = {6DF1CB12-406F-4F94-82AA-FC6C2CB3684F}
	EndGlobalSection
EndGlobal
